// !$*UTF8*$!
{
	archiveVersion = 1;
	classes = {
	};
	objectVersion = 55;
	objects = {

/* Begin PBXBuildFile section */
		749AB861624C695C983B178C /* Pods_RxLoginTests.framework in Frameworks */ = {isa = PBXBuildFile; fileRef = C307282C4452F6702E1D77CD /* Pods_RxLoginTests.framework */; };
		A161113307F810917464BEA1 /* Pods_RxLogin_RxLoginUITests.framework in Frameworks */ = {isa = PBXBuildFile; fileRef = C87A0C18FA14ADF555A2C60F /* Pods_RxLogin_RxLoginUITests.framework */; };
		A4795C2327A50E9900BF3D52 /* AppDelegate.swift in Sources */ = {isa = PBXBuildFile; fileRef = A4795C2227A50E9900BF3D52 /* AppDelegate.swift */; };
		A4795C2527A50E9900BF3D52 /* SceneDelegate.swift in Sources */ = {isa = PBXBuildFile; fileRef = A4795C2427A50E9900BF3D52 /* SceneDelegate.swift */; };
		A4795C2727A50E9900BF3D52 /* ViewController.swift in Sources */ = {isa = PBXBuildFile; fileRef = A4795C2627A50E9900BF3D52 /* ViewController.swift */; };
		A4795C2A27A50E9A00BF3D52 /* Main.storyboard in Resources */ = {isa = PBXBuildFile; fileRef = A4795C2827A50E9A00BF3D52 /* Main.storyboard */; };
		A4795C2C27A50E9D00BF3D52 /* Assets.xcassets in Resources */ = {isa = PBXBuildFile; fileRef = A4795C2B27A50E9D00BF3D52 /* Assets.xcassets */; };
		A4795C2F27A50E9D00BF3D52 /* LaunchScreen.storyboard in Resources */ = {isa = PBXBuildFile; fileRef = A4795C2D27A50E9D00BF3D52 /* LaunchScreen.storyboard */; };
		A4795C3A27A50E9D00BF3D52 /* RxLoginTests.swift in Sources */ = {isa = PBXBuildFile; fileRef = A4795C3927A50E9D00BF3D52 /* RxLoginTests.swift */; };
		A4795C4427A50E9D00BF3D52 /* RxLoginUITests.swift in Sources */ = {isa = PBXBuildFile; fileRef = A4795C4327A50E9D00BF3D52 /* RxLoginUITests.swift */; };
		A4795C4627A50E9D00BF3D52 /* RxLoginUITestsLaunchTests.swift in Sources */ = {isa = PBXBuildFile; fileRef = A4795C4527A50E9D00BF3D52 /* RxLoginUITestsLaunchTests.swift */; };
		EB6D9553E931E2D12F651956 /* Pods_RxLogin.framework in Frameworks */ = {isa = PBXBuildFile; fileRef = A1997A25EA65DBAA6248D4F3 /* Pods_RxLogin.framework */; };
/* End PBXBuildFile section */

/* Begin PBXContainerItemProxy section */
		A4795C3627A50E9D00BF3D52 /* PBXContainerItemProxy */ = {
			isa = PBXContainerItemProxy;
			containerPortal = A4795C1727A50E9900BF3D52 /* Project object */;
			proxyType = 1;
			remoteGlobalIDString = A4795C1E27A50E9900BF3D52;
			remoteInfo = RxLogin;
		};
		A4795C4027A50E9D00BF3D52 /* PBXContainerItemProxy */ = {
			isa = PBXContainerItemProxy;
			containerPortal = A4795C1727A50E9900BF3D52 /* Project object */;
			proxyType = 1;
			remoteGlobalIDString = A4795C1E27A50E9900BF3D52;
			remoteInfo = RxLogin;
		};
/* End PBXContainerItemProxy section */

/* Begin PBXFileReference section */
		134F8316FD8AB81CA8A857D5 /* Pods-RxLogin.debug.xcconfig */ = {isa = PBXFileReference; includeInIndex = 1; lastKnownFileType = text.xcconfig; name = "Pods-RxLogin.debug.xcconfig"; path = "Target Support Files/Pods-RxLogin/Pods-RxLogin.debug.xcconfig"; sourceTree = "<group>"; };
		14AF2C398C483AD9A76B7BEB /* Pods-RxLogin.release.xcconfig */ = {isa = PBXFileReference; includeInIndex = 1; lastKnownFileType = text.xcconfig; name = "Pods-RxLogin.release.xcconfig"; path = "Target Support Files/Pods-RxLogin/Pods-RxLogin.release.xcconfig"; sourceTree = "<group>"; };
		1FB2A87EE46B93A3394B887D /* Pods-RxLoginTests.release.xcconfig */ = {isa = PBXFileReference; includeInIndex = 1; lastKnownFileType = text.xcconfig; name = "Pods-RxLoginTests.release.xcconfig"; path = "Target Support Files/Pods-RxLoginTests/Pods-RxLoginTests.release.xcconfig"; sourceTree = "<group>"; };
		A1997A25EA65DBAA6248D4F3 /* Pods_RxLogin.framework */ = {isa = PBXFileReference; explicitFileType = wrapper.framework; includeInIndex = 0; path = Pods_RxLogin.framework; sourceTree = BUILT_PRODUCTS_DIR; };
		A4795C1F27A50E9900BF3D52 /* RxLogin.app */ = {isa = PBXFileReference; explicitFileType = wrapper.application; includeInIndex = 0; path = RxLogin.app; sourceTree = BUILT_PRODUCTS_DIR; };
		A4795C2227A50E9900BF3D52 /* AppDelegate.swift */ = {isa = PBXFileReference; lastKnownFileType = sourcecode.swift; path = AppDelegate.swift; sourceTree = "<group>"; };
		A4795C2427A50E9900BF3D52 /* SceneDelegate.swift */ = {isa = PBXFileReference; lastKnownFileType = sourcecode.swift; path = SceneDelegate.swift; sourceTree = "<group>"; };
		A4795C2627A50E9900BF3D52 /* ViewController.swift */ = {isa = PBXFileReference; lastKnownFileType = sourcecode.swift; path = ViewController.swift; sourceTree = "<group>"; };
		A4795C2927A50E9A00BF3D52 /* Base */ = {isa = PBXFileReference; lastKnownFileType = file.storyboard; name = Base; path = Base.lproj/Main.storyboard; sourceTree = "<group>"; };
		A4795C2B27A50E9D00BF3D52 /* Assets.xcassets */ = {isa = PBXFileReference; lastKnownFileType = folder.assetcatalog; path = Assets.xcassets; sourceTree = "<group>"; };
		A4795C2E27A50E9D00BF3D52 /* Base */ = {isa = PBXFileReference; lastKnownFileType = file.storyboard; name = Base; path = Base.lproj/LaunchScreen.storyboard; sourceTree = "<group>"; };
		A4795C3027A50E9D00BF3D52 /* Info.plist */ = {isa = PBXFileReference; lastKnownFileType = text.plist.xml; path = Info.plist; sourceTree = "<group>"; };
		A4795C3527A50E9D00BF3D52 /* RxLoginTests.xctest */ = {isa = PBXFileReference; explicitFileType = wrapper.cfbundle; includeInIndex = 0; path = RxLoginTests.xctest; sourceTree = BUILT_PRODUCTS_DIR; };
		A4795C3927A50E9D00BF3D52 /* RxLoginTests.swift */ = {isa = PBXFileReference; lastKnownFileType = sourcecode.swift; path = RxLoginTests.swift; sourceTree = "<group>"; };
		A4795C3F27A50E9D00BF3D52 /* RxLoginUITests.xctest */ = {isa = PBXFileReference; explicitFileType = wrapper.cfbundle; includeInIndex = 0; path = RxLoginUITests.xctest; sourceTree = BUILT_PRODUCTS_DIR; };
		A4795C4327A50E9D00BF3D52 /* RxLoginUITests.swift */ = {isa = PBXFileReference; lastKnownFileType = sourcecode.swift; path = RxLoginUITests.swift; sourceTree = "<group>"; };
		A4795C4527A50E9D00BF3D52 /* RxLoginUITestsLaunchTests.swift */ = {isa = PBXFileReference; lastKnownFileType = sourcecode.swift; path = RxLoginUITestsLaunchTests.swift; sourceTree = "<group>"; };
		C307282C4452F6702E1D77CD /* Pods_RxLoginTests.framework */ = {isa = PBXFileReference; explicitFileType = wrapper.framework; includeInIndex = 0; path = Pods_RxLoginTests.framework; sourceTree = BUILT_PRODUCTS_DIR; };
		C87A0C18FA14ADF555A2C60F /* Pods_RxLogin_RxLoginUITests.framework */ = {isa = PBXFileReference; explicitFileType = wrapper.framework; includeInIndex = 0; path = Pods_RxLogin_RxLoginUITests.framework; sourceTree = BUILT_PRODUCTS_DIR; };
		E494F4BCF05CC600798F9158 /* Pods-RxLoginTests.debug.xcconfig */ = {isa = PBXFileReference; includeInIndex = 1; lastKnownFileType = text.xcconfig; name = "Pods-RxLoginTests.debug.xcconfig"; path = "Target Support Files/Pods-RxLoginTests/Pods-RxLoginTests.debug.xcconfig"; sourceTree = "<group>"; };
		FB6A1949EDC30D774740712B /* Pods-RxLogin-RxLoginUITests.debug.xcconfig */ = {isa = PBXFileReference; includeInIndex = 1; lastKnownFileType = text.xcconfig; name = "Pods-RxLogin-RxLoginUITests.debug.xcconfig"; path = "Target Support Files/Pods-RxLogin-RxLoginUITests/Pods-RxLogin-RxLoginUITests.debug.xcconfig"; sourceTree = "<group>"; };
		FBF474C5BFB50F9EE2ED0B32 /* Pods-RxLogin-RxLoginUITests.release.xcconfig */ = {isa = PBXFileReference; includeInIndex = 1; lastKnownFileType = text.xcconfig; name = "Pods-RxLogin-RxLoginUITests.release.xcconfig"; path = "Target Support Files/Pods-RxLogin-RxLoginUITests/Pods-RxLogin-RxLoginUITests.release.xcconfig"; sourceTree = "<group>"; };
/* End PBXFileReference section */

/* Begin PBXFrameworksBuildPhase section */
		A4795C1C27A50E9900BF3D52 /* Frameworks */ = {
			isa = PBXFrameworksBuildPhase;
			buildActionMask = 2147483647;
			files = (
				EB6D9553E931E2D12F651956 /* Pods_RxLogin.framework in Frameworks */,
			);
			runOnlyForDeploymentPostprocessing = 0;
		};
		A4795C3227A50E9D00BF3D52 /* Frameworks */ = {
			isa = PBXFrameworksBuildPhase;
			buildActionMask = 2147483647;
			files = (
				749AB861624C695C983B178C /* Pods_RxLoginTests.framework in Frameworks */,
			);
			runOnlyForDeploymentPostprocessing = 0;
		};
		A4795C3C27A50E9D00BF3D52 /* Frameworks */ = {
			isa = PBXFrameworksBuildPhase;
			buildActionMask = 2147483647;
			files = (
				A161113307F810917464BEA1 /* Pods_RxLogin_RxLoginUITests.framework in Frameworks */,
			);
			runOnlyForDeploymentPostprocessing = 0;
		};
/* End PBXFrameworksBuildPhase section */

/* Begin PBXGroup section */
		50F1456D4F6A7A9E2549A1B1 /* Frameworks */ = {
			isa = PBXGroup;
			children = (
				A1997A25EA65DBAA6248D4F3 /* Pods_RxLogin.framework */,
				C87A0C18FA14ADF555A2C60F /* Pods_RxLogin_RxLoginUITests.framework */,
				C307282C4452F6702E1D77CD /* Pods_RxLoginTests.framework */,
			);
			name = Frameworks;
			sourceTree = "<group>";
		};
		A4795C1627A50E9900BF3D52 = {
			isa = PBXGroup;
			children = (
				A4795C2127A50E9900BF3D52 /* RxLogin */,
				A4795C3827A50E9D00BF3D52 /* RxLoginTests */,
				A4795C4227A50E9D00BF3D52 /* RxLoginUITests */,
				A4795C2027A50E9900BF3D52 /* Products */,
				E6090FA200AAADA4B54BB78E /* Pods */,
				50F1456D4F6A7A9E2549A1B1 /* Frameworks */,
			);
			sourceTree = "<group>";
		};
		A4795C2027A50E9900BF3D52 /* Products */ = {
			isa = PBXGroup;
			children = (
				A4795C1F27A50E9900BF3D52 /* RxLogin.app */,
				A4795C3527A50E9D00BF3D52 /* RxLoginTests.xctest */,
				A4795C3F27A50E9D00BF3D52 /* RxLoginUITests.xctest */,
			);
			name = Products;
			sourceTree = "<group>";
		};
		A4795C2127A50E9900BF3D52 /* RxLogin */ = {
			isa = PBXGroup;
			children = (
				A4795C2227A50E9900BF3D52 /* AppDelegate.swift */,
				A4795C2427A50E9900BF3D52 /* SceneDelegate.swift */,
				A4795C2627A50E9900BF3D52 /* ViewController.swift */,
				A4795C2827A50E9A00BF3D52 /* Main.storyboard */,
				A4795C2B27A50E9D00BF3D52 /* Assets.xcassets */,
				A4795C2D27A50E9D00BF3D52 /* LaunchScreen.storyboard */,
				A4795C3027A50E9D00BF3D52 /* Info.plist */,
			);
			path = RxLogin;
			sourceTree = "<group>";
		};
		A4795C3827A50E9D00BF3D52 /* RxLoginTests */ = {
			isa = PBXGroup;
			children = (
				A4795C3927A50E9D00BF3D52 /* RxLoginTests.swift */,
			);
			path = RxLoginTests;
			sourceTree = "<group>";
		};
		A4795C4227A50E9D00BF3D52 /* RxLoginUITests */ = {
			isa = PBXGroup;
			children = (
				A4795C4327A50E9D00BF3D52 /* RxLoginUITests.swift */,
				A4795C4527A50E9D00BF3D52 /* RxLoginUITestsLaunchTests.swift */,
			);
			path = RxLoginUITests;
			sourceTree = "<group>";
		};
		E6090FA200AAADA4B54BB78E /* Pods */ = {
			isa = PBXGroup;
			children = (
				134F8316FD8AB81CA8A857D5 /* Pods-RxLogin.debug.xcconfig */,
				14AF2C398C483AD9A76B7BEB /* Pods-RxLogin.release.xcconfig */,
				FB6A1949EDC30D774740712B /* Pods-RxLogin-RxLoginUITests.debug.xcconfig */,
				FBF474C5BFB50F9EE2ED0B32 /* Pods-RxLogin-RxLoginUITests.release.xcconfig */,
				E494F4BCF05CC600798F9158 /* Pods-RxLoginTests.debug.xcconfig */,
				1FB2A87EE46B93A3394B887D /* Pods-RxLoginTests.release.xcconfig */,
			);
			name = Pods;
			path = Pods;
			sourceTree = "<group>";
		};
/* End PBXGroup section */

/* Begin PBXNativeTarget section */
		A4795C1E27A50E9900BF3D52 /* RxLogin */ = {
			isa = PBXNativeTarget;
			buildConfigurationList = A4795C4927A50E9D00BF3D52 /* Build configuration list for PBXNativeTarget "RxLogin" */;
			buildPhases = (
				61BEDD61D1557C449A3ACAAC /* [CP] Check Pods Manifest.lock */,
				A4795C1B27A50E9900BF3D52 /* Sources */,
				A4795C1C27A50E9900BF3D52 /* Frameworks */,
				A4795C1D27A50E9900BF3D52 /* Resources */,
				21088ADE764D651E56E9F980 /* [CP] Embed Pods Frameworks */,
			);
			buildRules = (
			);
			dependencies = (
			);
			name = RxLogin;
			productName = RxLogin;
			productReference = A4795C1F27A50E9900BF3D52 /* RxLogin.app */;
			productType = "com.apple.product-type.application";
		};
		A4795C3427A50E9D00BF3D52 /* RxLoginTests */ = {
			isa = PBXNativeTarget;
			buildConfigurationList = A4795C4C27A50E9D00BF3D52 /* Build configuration list for PBXNativeTarget "RxLoginTests" */;
			buildPhases = (
				A6085087C91CCA17FDA7BE30 /* [CP] Check Pods Manifest.lock */,
				A4795C3127A50E9D00BF3D52 /* Sources */,
				A4795C3227A50E9D00BF3D52 /* Frameworks */,
				A4795C3327A50E9D00BF3D52 /* Resources */,
			);
			buildRules = (
			);
			dependencies = (
				A4795C3727A50E9D00BF3D52 /* PBXTargetDependency */,
			);
			name = RxLoginTests;
			productName = RxLoginTests;
			productReference = A4795C3527A50E9D00BF3D52 /* RxLoginTests.xctest */;
			productType = "com.apple.product-type.bundle.unit-test";
		};
		A4795C3E27A50E9D00BF3D52 /* RxLoginUITests */ = {
			isa = PBXNativeTarget;
			buildConfigurationList = A4795C4F27A50E9D00BF3D52 /* Build configuration list for PBXNativeTarget "RxLoginUITests" */;
			buildPhases = (
				9CFED803FDBF2C0C6D03F415 /* [CP] Check Pods Manifest.lock */,
				A4795C3B27A50E9D00BF3D52 /* Sources */,
				A4795C3C27A50E9D00BF3D52 /* Frameworks */,
				A4795C3D27A50E9D00BF3D52 /* Resources */,
				79DF9700D812157A711A89FF /* [CP] Embed Pods Frameworks */,
			);
			buildRules = (
			);
			dependencies = (
				A4795C4127A50E9D00BF3D52 /* PBXTargetDependency */,
			);
			name = RxLoginUITests;
			productName = RxLoginUITests;
			productReference = A4795C3F27A50E9D00BF3D52 /* RxLoginUITests.xctest */;
			productType = "com.apple.product-type.bundle.ui-testing";
		};
/* End PBXNativeTarget section */

/* Begin PBXProject section */
		A4795C1727A50E9900BF3D52 /* Project object */ = {
			isa = PBXProject;
			attributes = {
				BuildIndependentTargetsInParallel = 1;
				LastSwiftUpdateCheck = 1320;
				LastUpgradeCheck = 1320;
				TargetAttributes = {
					A4795C1E27A50E9900BF3D52 = {
						CreatedOnToolsVersion = 13.2.1;
					};
					A4795C3427A50E9D00BF3D52 = {
						CreatedOnToolsVersion = 13.2.1;
						TestTargetID = A4795C1E27A50E9900BF3D52;
					};
					A4795C3E27A50E9D00BF3D52 = {
						CreatedOnToolsVersion = 13.2.1;
						TestTargetID = A4795C1E27A50E9900BF3D52;
					};
				};
			};
			buildConfigurationList = A4795C1A27A50E9900BF3D52 /* Build configuration list for PBXProject "RxLogin" */;
			compatibilityVersion = "Xcode 13.0";
			developmentRegion = en;
			hasScannedForEncodings = 0;
			knownRegions = (
				en,
				Base,
			);
			mainGroup = A4795C1627A50E9900BF3D52;
			productRefGroup = A4795C2027A50E9900BF3D52 /* Products */;
			projectDirPath = "";
			projectRoot = "";
			targets = (
				A4795C1E27A50E9900BF3D52 /* RxLogin */,
				A4795C3427A50E9D00BF3D52 /* RxLoginTests */,
				A4795C3E27A50E9D00BF3D52 /* RxLoginUITests */,
			);
		};
/* End PBXProject section */

/* Begin PBXResourcesBuildPhase section */
		A4795C1D27A50E9900BF3D52 /* Resources */ = {
			isa = PBXResourcesBuildPhase;
			buildActionMask = 2147483647;
			files = (
				A4795C2F27A50E9D00BF3D52 /* LaunchScreen.storyboard in Resources */,
				A4795C2C27A50E9D00BF3D52 /* Assets.xcassets in Resources */,
				A4795C2A27A50E9A00BF3D52 /* Main.storyboard in Resources */,
			);
			runOnlyForDeploymentPostprocessing = 0;
		};
		A4795C3327A50E9D00BF3D52 /* Resources */ = {
			isa = PBXResourcesBuildPhase;
			buildActionMask = 2147483647;
			files = (
			);
			runOnlyForDeploymentPostprocessing = 0;
		};
		A4795C3D27A50E9D00BF3D52 /* Resources */ = {
			isa = PBXResourcesBuildPhase;
			buildActionMask = 2147483647;
			files = (
			);
			runOnlyForDeploymentPostprocessing = 0;
		};
/* End PBXResourcesBuildPhase section */

/* Begin PBXShellScriptBuildPhase section */
		21088ADE764D651E56E9F980 /* [CP] Embed Pods Frameworks */ = {
			isa = PBXShellScriptBuildPhase;
			buildActionMask = 2147483647;
			files = (
			);
			inputFileListPaths = (
				"${PODS_ROOT}/Target Support Files/Pods-RxLogin/Pods-RxLogin-frameworks-${CONFIGURATION}-input-files.xcfilelist",
			);
			name = "[CP] Embed Pods Frameworks";
			outputFileListPaths = (
				"${PODS_ROOT}/Target Support Files/Pods-RxLogin/Pods-RxLogin-frameworks-${CONFIGURATION}-output-files.xcfilelist",
			);
			runOnlyForDeploymentPostprocessing = 0;
			shellPath = /bin/sh;
			shellScript = "\"${PODS_ROOT}/Target Support Files/Pods-RxLogin/Pods-RxLogin-frameworks.sh\"\n";
			showEnvVarsInLog = 0;
		};
		61BEDD61D1557C449A3ACAAC /* [CP] Check Pods Manifest.lock */ = {
			isa = PBXShellScriptBuildPhase;
			buildActionMask = 2147483647;
			files = (
			);
			inputFileListPaths = (
			);
			inputPaths = (
				"${PODS_PODFILE_DIR_PATH}/Podfile.lock",
				"${PODS_ROOT}/Manifest.lock",
			);
			name = "[CP] Check Pods Manifest.lock";
			outputFileListPaths = (
			);
			outputPaths = (
				"$(DERIVED_FILE_DIR)/Pods-RxLogin-checkManifestLockResult.txt",
			);
			runOnlyForDeploymentPostprocessing = 0;
			shellPath = /bin/sh;
			shellScript = "diff \"${PODS_PODFILE_DIR_PATH}/Podfile.lock\" \"${PODS_ROOT}/Manifest.lock\" > /dev/null\nif [ $? != 0 ] ; then\n    # print error to STDERR\n    echo \"error: The sandbox is not in sync with the Podfile.lock. Run 'pod install' or update your CocoaPods installation.\" >&2\n    exit 1\nfi\n# This output is used by Xcode 'outputs' to avoid re-running this script phase.\necho \"SUCCESS\" > \"${SCRIPT_OUTPUT_FILE_0}\"\n";
			showEnvVarsInLog = 0;
		};
		79DF9700D812157A711A89FF /* [CP] Embed Pods Frameworks */ = {
			isa = PBXShellScriptBuildPhase;
			buildActionMask = 2147483647;
			files = (
			);
			inputFileListPaths = (
				"${PODS_ROOT}/Target Support Files/Pods-RxLogin-RxLoginUITests/Pods-RxLogin-RxLoginUITests-frameworks-${CONFIGURATION}-input-files.xcfilelist",
			);
			name = "[CP] Embed Pods Frameworks";
			outputFileListPaths = (
				"${PODS_ROOT}/Target Support Files/Pods-RxLogin-RxLoginUITests/Pods-RxLogin-RxLoginUITests-frameworks-${CONFIGURATION}-output-files.xcfilelist",
			);
			runOnlyForDeploymentPostprocessing = 0;
			shellPath = /bin/sh;
			shellScript = "\"${PODS_ROOT}/Target Support Files/Pods-RxLogin-RxLoginUITests/Pods-RxLogin-RxLoginUITests-frameworks.sh\"\n";
			showEnvVarsInLog = 0;
		};
		9CFED803FDBF2C0C6D03F415 /* [CP] Check Pods Manifest.lock */ = {
			isa = PBXShellScriptBuildPhase;
			buildActionMask = 2147483647;
			files = (
			);
			inputFileListPaths = (
			);
			inputPaths = (
				"${PODS_PODFILE_DIR_PATH}/Podfile.lock",
				"${PODS_ROOT}/Manifest.lock",
			);
			name = "[CP] Check Pods Manifest.lock";
			outputFileListPaths = (
			);
			outputPaths = (
				"$(DERIVED_FILE_DIR)/Pods-RxLogin-RxLoginUITests-checkManifestLockResult.txt",
			);
			runOnlyForDeploymentPostprocessing = 0;
			shellPath = /bin/sh;
			shellScript = "diff \"${PODS_PODFILE_DIR_PATH}/Podfile.lock\" \"${PODS_ROOT}/Manifest.lock\" > /dev/null\nif [ $? != 0 ] ; then\n    # print error to STDERR\n    echo \"error: The sandbox is not in sync with the Podfile.lock. Run 'pod install' or update your CocoaPods installation.\" >&2\n    exit 1\nfi\n# This output is used by Xcode 'outputs' to avoid re-running this script phase.\necho \"SUCCESS\" > \"${SCRIPT_OUTPUT_FILE_0}\"\n";
			showEnvVarsInLog = 0;
		};
		A6085087C91CCA17FDA7BE30 /* [CP] Check Pods Manifest.lock */ = {
			isa = PBXShellScriptBuildPhase;
			buildActionMask = 2147483647;
			files = (
			);
			inputFileListPaths = (
			);
			inputPaths = (
				"${PODS_PODFILE_DIR_PATH}/Podfile.lock",
				"${PODS_ROOT}/Manifest.lock",
			);
			name = "[CP] Check Pods Manifest.lock";
			outputFileListPaths = (
			);
			outputPaths = (
				"$(DERIVED_FILE_DIR)/Pods-RxLoginTests-checkManifestLockResult.txt",
			);
			runOnlyForDeploymentPostprocessing = 0;
			shellPath = /bin/sh;
			shellScript = "diff \"${PODS_PODFILE_DIR_PATH}/Podfile.lock\" \"${PODS_ROOT}/Manifest.lock\" > /dev/null\nif [ $? != 0 ] ; then\n    # print error to STDERR\n    echo \"error: The sandbox is not in sync with the Podfile.lock. Run 'pod install' or update your CocoaPods installation.\" >&2\n    exit 1\nfi\n# This output is used by Xcode 'outputs' to avoid re-running this script phase.\necho \"SUCCESS\" > \"${SCRIPT_OUTPUT_FILE_0}\"\n";
			showEnvVarsInLog = 0;
		};
/* End PBXShellScriptBuildPhase section */

/* Begin PBXSourcesBuildPhase section */
		A4795C1B27A50E9900BF3D52 /* Sources */ = {
			isa = PBXSourcesBuildPhase;
			buildActionMask = 2147483647;
			files = (
				A4795C2727A50E9900BF3D52 /* ViewController.swift in Sources */,
				A4795C2327A50E9900BF3D52 /* AppDelegate.swift in Sources */,
				A4795C2527A50E9900BF3D52 /* SceneDelegate.swift in Sources */,
			);
			runOnlyForDeploymentPostprocessing = 0;
		};
		A4795C3127A50E9D00BF3D52 /* Sources */ = {
			isa = PBXSourcesBuildPhase;
			buildActionMask = 2147483647;
			files = (
				A4795C3A27A50E9D00BF3D52 /* RxLoginTests.swift in Sources */,
			);
			runOnlyForDeploymentPostprocessing = 0;
		};
		A4795C3B27A50E9D00BF3D52 /* Sources */ = {
			isa = PBXSourcesBuildPhase;
			buildActionMask = 2147483647;
			files = (
				A4795C4627A50E9D00BF3D52 /* RxLoginUITestsLaunchTests.swift in Sources */,
				A4795C4427A50E9D00BF3D52 /* RxLoginUITests.swift in Sources */,
			);
			runOnlyForDeploymentPostprocessing = 0;
		};
/* End PBXSourcesBuildPhase section */

/* Begin PBXTargetDependency section */
		A4795C3727A50E9D00BF3D52 /* PBXTargetDependency */ = {
			isa = PBXTargetDependency;
			target = A4795C1E27A50E9900BF3D52 /* RxLogin */;
			targetProxy = A4795C3627A50E9D00BF3D52 /* PBXContainerItemProxy */;
		};
		A4795C4127A50E9D00BF3D52 /* PBXTargetDependency */ = {
			isa = PBXTargetDependency;
			target = A4795C1E27A50E9900BF3D52 /* RxLogin */;
			targetProxy = A4795C4027A50E9D00BF3D52 /* PBXContainerItemProxy */;
		};
/* End PBXTargetDependency section */

/* Begin PBXVariantGroup section */
		A4795C2827A50E9A00BF3D52 /* Main.storyboard */ = {
			isa = PBXVariantGroup;
			children = (
				A4795C2927A50E9A00BF3D52 /* Base */,
			);
			name = Main.storyboard;
			sourceTree = "<group>";
		};
		A4795C2D27A50E9D00BF3D52 /* LaunchScreen.storyboard */ = {
			isa = PBXVariantGroup;
			children = (
				A4795C2E27A50E9D00BF3D52 /* Base */,
			);
			name = LaunchScreen.storyboard;
			sourceTree = "<group>";
		};
/* End PBXVariantGroup section */

/* Begin XCBuildConfiguration section */
		A4795C4727A50E9D00BF3D52 /* Debug */ = {
			isa = XCBuildConfiguration;
			buildSettings = {
				ALWAYS_SEARCH_USER_PATHS = NO;
				CLANG_ANALYZER_NONNULL = YES;
				CLANG_ANALYZER_NUMBER_OBJECT_CONVERSION = YES_AGGRESSIVE;
				CLANG_CXX_LANGUAGE_STANDARD = "gnu++17";
				CLANG_CXX_LIBRARY = "libc++";
				CLANG_ENABLE_MODULES = YES;
				CLANG_ENABLE_OBJC_ARC = YES;
				CLANG_ENABLE_OBJC_WEAK = YES;
				CLANG_WARN_BLOCK_CAPTURE_AUTORELEASING = YES;
				CLANG_WARN_BOOL_CONVERSION = YES;
				CLANG_WARN_COMMA = YES;
				CLANG_WARN_CONSTANT_CONVERSION = YES;
				CLANG_WARN_DEPRECATED_OBJC_IMPLEMENTATIONS = YES;
				CLANG_WARN_DIRECT_OBJC_ISA_USAGE = YES_ERROR;
				CLANG_WARN_DOCUMENTATION_COMMENTS = YES;
				CLANG_WARN_EMPTY_BODY = YES;
				CLANG_WARN_ENUM_CONVERSION = YES;
				CLANG_WARN_INFINITE_RECURSION = YES;
				CLANG_WARN_INT_CONVERSION = YES;
				CLANG_WARN_NON_LITERAL_NULL_CONVERSION = YES;
				CLANG_WARN_OBJC_IMPLICIT_RETAIN_SELF = YES;
				CLANG_WARN_OBJC_LITERAL_CONVERSION = YES;
				CLANG_WARN_OBJC_ROOT_CLASS = YES_ERROR;
				CLANG_WARN_QUOTED_INCLUDE_IN_FRAMEWORK_HEADER = YES;
				CLANG_WARN_RANGE_LOOP_ANALYSIS = YES;
				CLANG_WARN_STRICT_PROTOTYPES = YES;
				CLANG_WARN_SUSPICIOUS_MOVE = YES;
				CLANG_WARN_UNGUARDED_AVAILABILITY = YES_AGGRESSIVE;
				CLANG_WARN_UNREACHABLE_CODE = YES;
				CLANG_WARN__DUPLICATE_METHOD_MATCH = YES;
				COPY_PHASE_STRIP = NO;
				DEBUG_INFORMATION_FORMAT = dwarf;
				ENABLE_STRICT_OBJC_MSGSEND = YES;
				ENABLE_TESTABILITY = YES;
				GCC_C_LANGUAGE_STANDARD = gnu11;
				GCC_DYNAMIC_NO_PIC = NO;
				GCC_NO_COMMON_BLOCKS = YES;
				GCC_OPTIMIZATION_LEVEL = 0;
				GCC_PREPROCESSOR_DEFINITIONS = (
					"DEBUG=1",
					"$(inherited)",
				);
				GCC_WARN_64_TO_32_BIT_CONVERSION = YES;
				GCC_WARN_ABOUT_RETURN_TYPE = YES_ERROR;
				GCC_WARN_UNDECLARED_SELECTOR = YES;
				GCC_WARN_UNINITIALIZED_AUTOS = YES_AGGRESSIVE;
				GCC_WARN_UNUSED_FUNCTION = YES;
				GCC_WARN_UNUSED_VARIABLE = YES;
				IPHONEOS_DEPLOYMENT_TARGET = 15.2;
				MTL_ENABLE_DEBUG_INFO = INCLUDE_SOURCE;
				MTL_FAST_MATH = YES;
				ONLY_ACTIVE_ARCH = YES;
				SDKROOT = iphoneos;
				SWIFT_ACTIVE_COMPILATION_CONDITIONS = DEBUG;
				SWIFT_OPTIMIZATION_LEVEL = "-Onone";
			};
			name = Debug;
		};
		A4795C4827A50E9D00BF3D52 /* Release */ = {
			isa = XCBuildConfiguration;
			buildSettings = {
				ALWAYS_SEARCH_USER_PATHS = NO;
				CLANG_ANALYZER_NONNULL = YES;
				CLANG_ANALYZER_NUMBER_OBJECT_CONVERSION = YES_AGGRESSIVE;
				CLANG_CXX_LANGUAGE_STANDARD = "gnu++17";
				CLANG_CXX_LIBRARY = "libc++";
				CLANG_ENABLE_MODULES = YES;
				CLANG_ENABLE_OBJC_ARC = YES;
				CLANG_ENABLE_OBJC_WEAK = YES;
				CLANG_WARN_BLOCK_CAPTURE_AUTORELEASING = YES;
				CLANG_WARN_BOOL_CONVERSION = YES;
				CLANG_WARN_COMMA = YES;
				CLANG_WARN_CONSTANT_CONVERSION = YES;
				CLANG_WARN_DEPRECATED_OBJC_IMPLEMENTATIONS = YES;
				CLANG_WARN_DIRECT_OBJC_ISA_USAGE = YES_ERROR;
				CLANG_WARN_DOCUMENTATION_COMMENTS = YES;
				CLANG_WARN_EMPTY_BODY = YES;
				CLANG_WARN_ENUM_CONVERSION = YES;
				CLANG_WARN_INFINITE_RECURSION = YES;
				CLANG_WARN_INT_CONVERSION = YES;
				CLANG_WARN_NON_LITERAL_NULL_CONVERSION = YES;
				CLANG_WARN_OBJC_IMPLICIT_RETAIN_SELF = YES;
				CLANG_WARN_OBJC_LITERAL_CONVERSION = YES;
				CLANG_WARN_OBJC_ROOT_CLASS = YES_ERROR;
				CLANG_WARN_QUOTED_INCLUDE_IN_FRAMEWORK_HEADER = YES;
				CLANG_WARN_RANGE_LOOP_ANALYSIS = YES;
				CLANG_WARN_STRICT_PROTOTYPES = YES;
				CLANG_WARN_SUSPICIOUS_MOVE = YES;
				CLANG_WARN_UNGUARDED_AVAILABILITY = YES_AGGRESSIVE;
				CLANG_WARN_UNREACHABLE_CODE = YES;
				CLANG_WARN__DUPLICATE_METHOD_MATCH = YES;
				COPY_PHASE_STRIP = NO;
				DEBUG_INFORMATION_FORMAT = "dwarf-with-dsym";
				ENABLE_NS_ASSERTIONS = NO;
				ENABLE_STRICT_OBJC_MSGSEND = YES;
				GCC_C_LANGUAGE_STANDARD = gnu11;
				GCC_NO_COMMON_BLOCKS = YES;
				GCC_WARN_64_TO_32_BIT_CONVERSION = YES;
				GCC_WARN_ABOUT_RETURN_TYPE = YES_ERROR;
				GCC_WARN_UNDECLARED_SELECTOR = YES;
				GCC_WARN_UNINITIALIZED_AUTOS = YES_AGGRESSIVE;
				GCC_WARN_UNUSED_FUNCTION = YES;
				GCC_WARN_UNUSED_VARIABLE = YES;
				IPHONEOS_DEPLOYMENT_TARGET = 15.2;
				MTL_ENABLE_DEBUG_INFO = NO;
				MTL_FAST_MATH = YES;
				SDKROOT = iphoneos;
				SWIFT_COMPILATION_MODE = wholemodule;
				SWIFT_OPTIMIZATION_LEVEL = "-O";
				VALIDATE_PRODUCT = YES;
			};
			name = Release;
		};
		A4795C4A27A50E9D00BF3D52 /* Debug */ = {
			isa = XCBuildConfiguration;
			baseConfigurationReference = 134F8316FD8AB81CA8A857D5 /* Pods-RxLogin.debug.xcconfig */;
			buildSettings = {
				ASSETCATALOG_COMPILER_APPICON_NAME = AppIcon;
				ASSETCATALOG_COMPILER_GLOBAL_ACCENT_COLOR_NAME = AccentColor;
				CODE_SIGN_STYLE = Automatic;
				CURRENT_PROJECT_VERSION = 1;
				DEVELOPMENT_TEAM = 8HSC6WJMH6;
				GENERATE_INFOPLIST_FILE = YES;
				INFOPLIST_FILE = RxLogin/Info.plist;
				INFOPLIST_KEY_UIApplicationSupportsIndirectInputEvents = YES;
				INFOPLIST_KEY_UILaunchStoryboardName = LaunchScreen;
				INFOPLIST_KEY_UIMainStoryboardFile = Main;
				INFOPLIST_KEY_UISupportedInterfaceOrientations_iPad = "UIInterfaceOrientationPortrait UIInterfaceOrientationPortraitUpsideDown UIInterfaceOrientationLandscapeLeft UIInterfaceOrientationLandscapeRight";
				INFOPLIST_KEY_UISupportedInterfaceOrientations_iPhone = "UIInterfaceOrientationPortrait UIInterfaceOrientationLandscapeLeft UIInterfaceOrientationLandscapeRight";
				LD_RUNPATH_SEARCH_PATHS = (
					"$(inherited)",
					"@executable_path/Frameworks",
				);
				MARKETING_VERSION = 1.0;
				PRODUCT_BUNDLE_IDENTIFIER = jp.techacademy.kazuma.miura2.RxLogin;
				PRODUCT_NAME = "$(TARGET_NAME)";
				SWIFT_EMIT_LOC_STRINGS = YES;
				SWIFT_VERSION = 5.0;
				TARGETED_DEVICE_FAMILY = "1,2";
			};
			name = Debug;
		};
		A4795C4B27A50E9D00BF3D52 /* Release */ = {
			isa = XCBuildConfiguration;
			baseConfigurationReference = 14AF2C398C483AD9A76B7BEB /* Pods-RxLogin.release.xcconfig */;
			buildSettings = {
				ASSETCATALOG_COMPILER_APPICON_NAME = AppIcon;
				ASSETCATALOG_COMPILER_GLOBAL_ACCENT_COLOR_NAME = AccentColor;
				CODE_SIGN_STYLE = Automatic;
				CURRENT_PROJECT_VERSION = 1;
				DEVELOPMENT_TEAM = 8HSC6WJMH6;
				GENERATE_INFOPLIST_FILE = YES;
				INFOPLIST_FILE = RxLogin/Info.plist;
				INFOPLIST_KEY_UIApplicationSupportsIndirectInputEvents = YES;
				INFOPLIST_KEY_UILaunchStoryboardName = LaunchScreen;
				INFOPLIST_KEY_UIMainStoryboardFile = Main;
				INFOPLIST_KEY_UISupportedInterfaceOrientations_iPad = "UIInterfaceOrientationPortrait UIInterfaceOrientationPortraitUpsideDown UIInterfaceOrientationLandscapeLeft UIInterfaceOrientationLandscapeRight";
				INFOPLIST_KEY_UISupportedInterfaceOrientations_iPhone = "UIInterfaceOrientationPortrait UIInterfaceOrientationLandscapeLeft UIInterfaceOrientationLandscapeRight";
				LD_RUNPATH_SEARCH_PATHS = (
					"$(inherited)",
					"@executable_path/Frameworks",
				);
				MARKETING_VERSION = 1.0;
				PRODUCT_BUNDLE_IDENTIFIER = jp.techacademy.kazuma.miura2.RxLogin;
				PRODUCT_NAME = "$(TARGET_NAME)";
				SWIFT_EMIT_LOC_STRINGS = YES;
				SWIFT_VERSION = 5.0;
				TARGETED_DEVICE_FAMILY = "1,2";
			};
			name = Release;
		};
		A4795C4D27A50E9D00BF3D52 /* Debug */ = {
			isa = XCBuildConfiguration;
			baseConfigurationReference = E494F4BCF05CC600798F9158 /* Pods-RxLoginTests.debug.xcconfig */;
			buildSettings = {
				ALWAYS_EMBED_SWIFT_STANDARD_LIBRARIES = YES;
				BUNDLE_LOADER = "$(TEST_HOST)";
				CODE_SIGN_STYLE = Automatic;
				CURRENT_PROJECT_VERSION = 1;
				DEVELOPMENT_TEAM = 8HSC6WJMH6;
				GENERATE_INFOPLIST_FILE = YES;
				IPHONEOS_DEPLOYMENT_TARGET = 15.2;
				MARKETING_VERSION = 1.0;
				PRODUCT_BUNDLE_IDENTIFIER = jp.techacademy.kazuma.miura2.RxLoginTests;
				PRODUCT_NAME = "$(TARGET_NAME)";
				SWIFT_EMIT_LOC_STRINGS = NO;
				SWIFT_VERSION = 5.0;
				TARGETED_DEVICE_FAMILY = "1,2";
				TEST_HOST = "$(BUILT_PRODUCTS_DIR)/RxLogin.app/RxLogin";
			};
			name = Debug;
		};
		A4795C4E27A50E9D00BF3D52 /* Release */ = {
			isa = XCBuildConfiguration;
			baseConfigurationReference = 1FB2A87EE46B93A3394B887D /* Pods-RxLoginTests.release.xcconfig */;
			buildSettings = {
				ALWAYS_EMBED_SWIFT_STANDARD_LIBRARIES = YES;
				BUNDLE_LOADER = "$(TEST_HOST)";
				CODE_SIGN_STYLE = Automatic;
				CURRENT_PROJECT_VERSION = 1;
				DEVELOPMENT_TEAM = 8HSC6WJMH6;
				GENERATE_INFOPLIST_FILE = YES;
				IPHONEOS_DEPLOYMENT_TARGET = 15.2;
				MARKETING_VERSION = 1.0;
				PRODUCT_BUNDLE_IDENTIFIER = jp.techacademy.kazuma.miura2.RxLoginTests;
				PRODUCT_NAME = "$(TARGET_NAME)";
				SWIFT_EMIT_LOC_STRINGS = NO;
				SWIFT_VERSION = 5.0;
				TARGETED_DEVICE_FAMILY = "1,2";
				TEST_HOST = "$(BUILT_PRODUCTS_DIR)/RxLogin.app/RxLogin";
			};
			name = Release;
		};
		A4795C5027A50E9D00BF3D52 /* Debug */ = {
			isa = XCBuildConfiguration;
			baseConfigurationReference = FB6A1949EDC30D774740712B /* Pods-RxLogin-RxLoginUITests.debug.xcconfig */;
			buildSettings = {
				ALWAYS_EMBED_SWIFT_STANDARD_LIBRARIES = YES;
				CODE_SIGN_STYLE = Automatic;
				CURRENT_PROJECT_VERSION = 1;
				DEVELOPMENT_TEAM = 8HSC6WJMH6;
				GENERATE_INFOPLIST_FILE = YES;
				MARKETING_VERSION = 1.0;
				PRODUCT_BUNDLE_IDENTIFIER = jp.techacademy.kazuma.miura2.RxLoginUITests;
				PRODUCT_NAME = "$(TARGET_NAME)";
				SWIFT_EMIT_LOC_STRINGS = NO;
				SWIFT_VERSION = 5.0;
				TARGETED_DEVICE_FAMILY = "1,2";
				TEST_TARGET_NAME = RxLogin;
			};
			name = Debug;
		};
		A4795C5127A50E9D00BF3D52 /* Release */ = {
			isa = XCBuildConfiguration;
			baseConfigurationReference = FBF474C5BFB50F9EE2ED0B32 /* Pods-RxLogin-RxLoginUITests.release.xcconfig */;
			buildSettings = {
				ALWAYS_EMBED_SWIFT_STANDARD_LIBRARIES = YES;
				CODE_SIGN_STYLE = Automatic;
				CURRENT_PROJECT_VERSION = 1;
				DEVELOPMENT_TEAM = 8HSC6WJMH6;
				GENERATE_INFOPLIST_FILE = YES;
				MARKETING_VERSION = 1.0;
				PRODUCT_BUNDLE_IDENTIFIER = jp.techacademy.kazuma.miura2.RxLoginUITests;
				PRODUCT_NAME = "$(TARGET_NAME)";
				SWIFT_EMIT_LOC_STRINGS = NO;
				SWIFT_VERSION = 5.0;
				TARGETED_DEVICE_FAMILY = "1,2";
				TEST_TARGET_NAME = RxLogin;
			};
			name = Release;
		};
/* End XCBuildConfiguration section */

/* Begin XCConfigurationList section */
		A4795C1A27A50E9900BF3D52 /* Build configuration list for PBXProject "RxLogin" */ = {
			isa = XCConfigurationList;
			buildConfigurations = (
				A4795C4727A50E9D00BF3D52 /* Debug */,
				A4795C4827A50E9D00BF3D52 /* Release */,
			);
			defaultConfigurationIsVisible = 0;
			defaultConfigurationName = Release;
		};
		A4795C4927A50E9D00BF3D52 /* Build configuration list for PBXNativeTarget "RxLogin" */ = {
			isa = XCConfigurationList;
			buildConfigurations = (
				A4795C4A27A50E9D00BF3D52 /* Debug */,
				A4795C4B27A50E9D00BF3D52 /* Release */,
			);
			defaultConfigurationIsVisible = 0;
			defaultConfigurationName = Release;
		};
		A4795C4C27A50E9D00BF3D52 /* Build configuration list for PBXNativeTarget "RxLoginTests" */ = {
			isa = XCConfigurationList;
			buildConfigurations = (
				A4795C4D27A50E9D00BF3D52 /* Debug */,
				A4795C4E27A50E9D00BF3D52 /* Release */,
			);
			defaultConfigurationIsVisible = 0;
			defaultConfigurationName = Release;
		};
		A4795C4F27A50E9D00BF3D52 /* Build configuration list for PBXNativeTarget "RxLoginUITests" */ = {
			isa = XCConfigurationList;
			buildConfigurations = (
				A4795C5027A50E9D00BF3D52 /* Debug */,
				A4795C5127A50E9D00BF3D52 /* Release */,
			);
			defaultConfigurationIsVisible = 0;
			defaultConfigurationName = Release;
		};
/* End XCConfigurationList section */
	};
	rootObject = A4795C1727A50E9900BF3D52 /* Project object */;
}
